
Microsoft Visual Studio Solution File, Format Version 12.00
# Visual Studio Version 17
VisualStudioVersion = 17.0.31919.166
MinimumVisualStudioVersion = 10.0.40219.1
Project("{FAE04EC0-301F-11D3-BF4B-00C04F79EFBC}") = "sistemaAgenciaByteBank", "sistemaAgenciaByteBank\sistemaAgenciaByteBank.csproj", "{16A176B0-3789-4858-9A30-CE0C94794FC1}"
EndProject
Project("{FAE04EC0-301F-11D3-BF4B-00C04F79EFBC}") = "byteBankSistemaAgencia.Modelos", "byteBankSistemaAgencia.Modelos\byteBankSistemaAgencia.Modelos.csproj", "{15341B88-619C-472E-8103-BF4FD48F6A7F}"
EndProject
Global
	GlobalSection(SolutionConfigurationPlatforms) = preSolution
		Debug|Any CPU = Debug|Any CPU
		Release|Any CPU = Release|Any CPU
	EndGlobalSection
	GlobalSection(ProjectConfigurationPlatforms) = postSolution
		{16A176B0-3789-4858-9A30-CE0C94794FC1}.Debug|Any CPU.ActiveCfg = Debug|Any CPU
		{16A176B0-3789-4858-9A30-CE0C94794FC1}.Debug|Any CPU.Build.0 = Debug|Any CPU
		{16A176B0-3789-4858-9A30-CE0C94794FC1}.Release|Any CPU.ActiveCfg = Release|Any CPU
		{16A176B0-3789-4858-9A30-CE0C94794FC1}.Release|Any CPU.Build.0 = Release|Any CPU
		{15341B88-619C-472E-8103-BF4FD48F6A7F}.Debug|Any CPU.ActiveCfg = Debug|Any CPU
		{15341B88-619C-472E-8103-BF4FD48F6A7F}.Debug|Any CPU.Build.0 = Debug|Any CPU
		{15341B88-619C-472E-8103-BF4FD48F6A7F}.Release|Any CPU.ActiveCfg = Release|Any CPU
		{15341B88-619C-472E-8103-BF4FD48F6A7F}.Release|Any CPU.Build.0 = Release|Any CPU
	EndGlobalSection
	GlobalSection(SolutionProperties) = preSolution
		HideSolutionNode = FALSE
	EndGlobalSection
	GlobalSection(ExtensibilityGlobals) = postSolution
		SolutionGuid = {D2E4D089-C1C2-4B7A-8348-1A16C1B24B1E}
	EndGlobalSection
EndGlobal
